// !$*UTF8*$!
{
	archiveVersion = 1;
	classes = {
	};
	objectVersion = 56;
	objects = {

/* Begin PBXBuildFile section */
		27441CC12AB5FF0400FF328A /* SearchView.swift in Sources */ = {isa = PBXBuildFile; fileRef = 27441CC02AB5FF0400FF328A /* SearchView.swift */; };
		277D09502AB4DD1600CC94AF /* App.swift in Sources */ = {isa = PBXBuildFile; fileRef = 277D094F2AB4DD1600CC94AF /* App.swift */; };
		277D09522AB4DD1600CC94AF /* ContentView.swift in Sources */ = {isa = PBXBuildFile; fileRef = 277D09512AB4DD1600CC94AF /* ContentView.swift */; };
		277D09542AB4DD1A00CC94AF /* Assets.xcassets in Resources */ = {isa = PBXBuildFile; fileRef = 277D09532AB4DD1A00CC94AF /* Assets.xcassets */; };
		277D09582AB4DD1A00CC94AF /* Preview Assets.xcassets in Resources */ = {isa = PBXBuildFile; fileRef = 277D09572AB4DD1A00CC94AF /* Preview Assets.xcassets */; };
		279A2E042AB6758A0085CB15 /* MovieView.swift in Sources */ = {isa = PBXBuildFile; fileRef = 279A2E032AB6758A0085CB15 /* MovieView.swift */; };
		279A2E062ABBAFA10085CB15 /* Extensions.swift in Sources */ = {isa = PBXBuildFile; fileRef = 279A2E052ABBAFA10085CB15 /* Extensions.swift */; };
		279A2E082ABBC9E80085CB15 /* TVShowDetailView.swift in Sources */ = {isa = PBXBuildFile; fileRef = 279A2E072ABBC9E80085CB15 /* TVShowDetailView.swift */; };
		279A2E0E2ABC88EE0085CB15 /* AccountView.swift in Sources */ = {isa = PBXBuildFile; fileRef = 279A2E0D2ABC88EE0085CB15 /* AccountView.swift */; };
		279A2E1B2ABCA1DD0085CB15 /* Search.swift in Sources */ = {isa = PBXBuildFile; fileRef = 279A2E1A2ABCA1DD0085CB15 /* Search.swift */; };
		279A2E1D2ABCA22A0085CB15 /* Network.swift in Sources */ = {isa = PBXBuildFile; fileRef = 279A2E1C2ABCA22A0085CB15 /* Network.swift */; };
		279A2E262ABCE1FB0085CB15 /* SearchViewModel.swift in Sources */ = {isa = PBXBuildFile; fileRef = 279A2E252ABCE1FB0085CB15 /* SearchViewModel.swift */; };
		279A2E282ABCE51F0085CB15 /* NetworkRoutes.swift in Sources */ = {isa = PBXBuildFile; fileRef = 279A2E272ABCE51F0085CB15 /* NetworkRoutes.swift */; };
		279A2E2A2ABCE9620085CB15 /* NetworkConfigs.swift in Sources */ = {isa = PBXBuildFile; fileRef = 279A2E292ABCE9620085CB15 /* NetworkConfigs.swift */; };
		279A2E2D2ABE395E0085CB15 /* SearchFilterView.swift in Sources */ = {isa = PBXBuildFile; fileRef = 279A2E2C2ABE395E0085CB15 /* SearchFilterView.swift */; };
		279A2E2F2ABF731C0085CB15 /* Movie.swift in Sources */ = {isa = PBXBuildFile; fileRef = 279A2E2E2ABF731C0085CB15 /* Movie.swift */; };
		279A2E332ABF77760085CB15 /* MovieViewModel.swift in Sources */ = {isa = PBXBuildFile; fileRef = 279A2E322ABF77760085CB15 /* MovieViewModel.swift */; };
/* End PBXBuildFile section */

/* Begin PBXFileReference section */
		27441CC02AB5FF0400FF328A /* SearchView.swift */ = {isa = PBXFileReference; lastKnownFileType = sourcecode.swift; path = SearchView.swift; sourceTree = "<group>"; };
		277D094C2AB4DD1600CC94AF /* Media Journal.app */ = {isa = PBXFileReference; explicitFileType = wrapper.application; includeInIndex = 0; path = "Media Journal.app"; sourceTree = BUILT_PRODUCTS_DIR; };
		277D094F2AB4DD1600CC94AF /* App.swift */ = {isa = PBXFileReference; lastKnownFileType = sourcecode.swift; path = App.swift; sourceTree = "<group>"; };
		277D09512AB4DD1600CC94AF /* ContentView.swift */ = {isa = PBXFileReference; lastKnownFileType = sourcecode.swift; path = ContentView.swift; sourceTree = "<group>"; };
		277D09532AB4DD1A00CC94AF /* Assets.xcassets */ = {isa = PBXFileReference; lastKnownFileType = folder.assetcatalog; path = Assets.xcassets; sourceTree = "<group>"; };
		277D09552AB4DD1A00CC94AF /* Media_Journal.entitlements */ = {isa = PBXFileReference; lastKnownFileType = text.plist.entitlements; path = Media_Journal.entitlements; sourceTree = "<group>"; };
		277D09572AB4DD1A00CC94AF /* Preview Assets.xcassets */ = {isa = PBXFileReference; lastKnownFileType = folder.assetcatalog; path = "Preview Assets.xcassets"; sourceTree = "<group>"; };
		277D096C2AB54D1300CC94AF /* Config.xcconfig */ = {isa = PBXFileReference; lastKnownFileType = text.xcconfig; path = Config.xcconfig; sourceTree = "<group>"; };
		277D096D2AB54F2800CC94AF /* Media-Journal-Info.plist */ = {isa = PBXFileReference; lastKnownFileType = text.plist; path = "Media-Journal-Info.plist"; sourceTree = SOURCE_ROOT; };
		279A2E032AB6758A0085CB15 /* MovieView.swift */ = {isa = PBXFileReference; lastKnownFileType = sourcecode.swift; path = MovieView.swift; sourceTree = "<group>"; };
		279A2E052ABBAFA10085CB15 /* Extensions.swift */ = {isa = PBXFileReference; lastKnownFileType = sourcecode.swift; path = Extensions.swift; sourceTree = "<group>"; };
		279A2E072ABBC9E80085CB15 /* TVShowDetailView.swift */ = {isa = PBXFileReference; lastKnownFileType = sourcecode.swift; path = TVShowDetailView.swift; sourceTree = "<group>"; };
		279A2E0D2ABC88EE0085CB15 /* AccountView.swift */ = {isa = PBXFileReference; lastKnownFileType = sourcecode.swift; path = AccountView.swift; sourceTree = "<group>"; };
		279A2E1A2ABCA1DD0085CB15 /* Search.swift */ = {isa = PBXFileReference; fileEncoding = 4; lastKnownFileType = sourcecode.swift; path = Search.swift; sourceTree = "<group>"; };
		279A2E1C2ABCA22A0085CB15 /* Network.swift */ = {isa = PBXFileReference; lastKnownFileType = sourcecode.swift; path = Network.swift; sourceTree = "<group>"; };
		279A2E252ABCE1FB0085CB15 /* SearchViewModel.swift */ = {isa = PBXFileReference; lastKnownFileType = sourcecode.swift; path = SearchViewModel.swift; sourceTree = "<group>"; };
		279A2E272ABCE51F0085CB15 /* NetworkRoutes.swift */ = {isa = PBXFileReference; lastKnownFileType = sourcecode.swift; path = NetworkRoutes.swift; sourceTree = "<group>"; };
		279A2E292ABCE9620085CB15 /* NetworkConfigs.swift */ = {isa = PBXFileReference; lastKnownFileType = sourcecode.swift; path = NetworkConfigs.swift; sourceTree = "<group>"; };
		279A2E2C2ABE395E0085CB15 /* SearchFilterView.swift */ = {isa = PBXFileReference; lastKnownFileType = sourcecode.swift; path = SearchFilterView.swift; sourceTree = "<group>"; };
		279A2E2E2ABF731C0085CB15 /* Movie.swift */ = {isa = PBXFileReference; lastKnownFileType = sourcecode.swift; path = Movie.swift; sourceTree = "<group>"; };
		279A2E322ABF77760085CB15 /* MovieViewModel.swift */ = {isa = PBXFileReference; lastKnownFileType = sourcecode.swift; path = MovieViewModel.swift; sourceTree = "<group>"; };
/* End PBXFileReference section */

/* Begin PBXFrameworksBuildPhase section */
		277D09492AB4DD1600CC94AF /* Frameworks */ = {
			isa = PBXFrameworksBuildPhase;
			buildActionMask = 2147483647;
			files = (
			);
			runOnlyForDeploymentPostprocessing = 0;
		};
/* End PBXFrameworksBuildPhase section */

/* Begin PBXGroup section */
		27441CBF2AB5FEF100FF328A /* Search */ = {
			isa = PBXGroup;
			children = (
				279A2E2B2ABE392F0085CB15 /* Search Filters */,
				279A2E1A2ABCA1DD0085CB15 /* Search.swift */,
				27441CC02AB5FF0400FF328A /* SearchView.swift */,
				279A2E252ABCE1FB0085CB15 /* SearchViewModel.swift */,
			);
			path = Search;
			sourceTree = "<group>";
		};
		277D09432AB4DD1600CC94AF = {
			isa = PBXGroup;
			children = (
				277D094E2AB4DD1600CC94AF /* Media Journal */,
				277D094D2AB4DD1600CC94AF /* Products */,
			);
			sourceTree = "<group>";
		};
		277D094D2AB4DD1600CC94AF /* Products */ = {
			isa = PBXGroup;
			children = (
				277D094C2AB4DD1600CC94AF /* Media Journal.app */,
			);
			name = Products;
			sourceTree = "<group>";
		};
		277D094E2AB4DD1600CC94AF /* Media Journal */ = {
			isa = PBXGroup;
			children = (
				277D094F2AB4DD1600CC94AF /* App.swift */,
				277D096D2AB54F2800CC94AF /* Media-Journal-Info.plist */,
				279A2E0C2ABC88DD0085CB15 /* Account */,
				279A2E0B2ABC86FF0085CB15 /* Navigation */,
				279A2E212ABCA3080085CB15 /* TV */,
				279A2E242ABCA3A90085CB15 /* Book */,
				279A2E202ABCA2DB0085CB15 /* Movie */,
				27441CBF2AB5FEF100FF328A /* Search */,
				277D09642AB4E85B00CC94AF /* Network */,
				279A2E0A2ABBF82E0085CB15 /* Extensions */,
				277D09532AB4DD1A00CC94AF /* Assets.xcassets */,
				277D09552AB4DD1A00CC94AF /* Media_Journal.entitlements */,
				277D09562AB4DD1A00CC94AF /* Preview Content */,
				277D096C2AB54D1300CC94AF /* Config.xcconfig */,
			);
			path = "Media Journal";
			sourceTree = "<group>";
		};
		277D09562AB4DD1A00CC94AF /* Preview Content */ = {
			isa = PBXGroup;
			children = (
				277D09572AB4DD1A00CC94AF /* Preview Assets.xcassets */,
			);
			path = "Preview Content";
			sourceTree = "<group>";
		};
		277D09642AB4E85B00CC94AF /* Network */ = {
			isa = PBXGroup;
			children = (
				279A2E1C2ABCA22A0085CB15 /* Network.swift */,
				279A2E272ABCE51F0085CB15 /* NetworkRoutes.swift */,
				279A2E292ABCE9620085CB15 /* NetworkConfigs.swift */,
			);
			path = Network;
			sourceTree = "<group>";
		};
		279A2E0A2ABBF82E0085CB15 /* Extensions */ = {
			isa = PBXGroup;
			children = (
				279A2E052ABBAFA10085CB15 /* Extensions.swift */,
			);
			path = Extensions;
			sourceTree = "<group>";
		};
		279A2E0B2ABC86FF0085CB15 /* Navigation */ = {
			isa = PBXGroup;
			children = (
				277D09512AB4DD1600CC94AF /* ContentView.swift */,
			);
			path = Navigation;
			sourceTree = "<group>";
		};
		279A2E0C2ABC88DD0085CB15 /* Account */ = {
			isa = PBXGroup;
			children = (
				279A2E0D2ABC88EE0085CB15 /* AccountView.swift */,
			);
			path = Account;
			sourceTree = "<group>";
		};
		279A2E202ABCA2DB0085CB15 /* Movie */ = {
			isa = PBXGroup;
			children = (
				279A2E2E2ABF731C0085CB15 /* Movie.swift */,
				279A2E032AB6758A0085CB15 /* MovieView.swift */,
				279A2E322ABF77760085CB15 /* MovieViewModel.swift */,
			);
			path = Movie;
			sourceTree = "<group>";
		};
		279A2E212ABCA3080085CB15 /* TV */ = {
			isa = PBXGroup;
			children = (
				279A2E222ABCA3530085CB15 /* Detail */,
			);
			path = TV;
			sourceTree = "<group>";
		};
		279A2E222ABCA3530085CB15 /* Detail */ = {
			isa = PBXGroup;
			children = (
				279A2E072ABBC9E80085CB15 /* TVShowDetailView.swift */,
			);
			path = Detail;
			sourceTree = "<group>";
		};
		279A2E242ABCA3A90085CB15 /* Book */ = {
			isa = PBXGroup;
			children = (
			);
			path = Book;
			sourceTree = "<group>";
		};
		279A2E2B2ABE392F0085CB15 /* Search Filters */ = {
			isa = PBXGroup;
			children = (
				279A2E2C2ABE395E0085CB15 /* SearchFilterView.swift */,
			);
			path = "Search Filters";
			sourceTree = "<group>";
		};
/* End PBXGroup section */

/* Begin PBXNativeTarget section */
		277D094B2AB4DD1600CC94AF /* Media Journal */ = {
			isa = PBXNativeTarget;
			buildConfigurationList = 277D095B2AB4DD1A00CC94AF /* Build configuration list for PBXNativeTarget "Media Journal" */;
			buildPhases = (
				277D09482AB4DD1600CC94AF /* Sources */,
				277D09492AB4DD1600CC94AF /* Frameworks */,
				277D094A2AB4DD1600CC94AF /* Resources */,
			);
			buildRules = (
			);
			dependencies = (
			);
			name = "Media Journal";
			packageProductDependencies = (
			);
			productName = "Media Journal";
			productReference = 277D094C2AB4DD1600CC94AF /* Media Journal.app */;
			productType = "com.apple.product-type.application";
		};
/* End PBXNativeTarget section */

/* Begin PBXProject section */
		277D09442AB4DD1600CC94AF /* Project object */ = {
			isa = PBXProject;
			attributes = {
				BuildIndependentTargetsInParallel = 1;
				LastSwiftUpdateCheck = 1500;
				LastUpgradeCheck = 1500;
				TargetAttributes = {
					277D094B2AB4DD1600CC94AF = {
						CreatedOnToolsVersion = 15.0;
					};
				};
			};
			buildConfigurationList = 277D09472AB4DD1600CC94AF /* Build configuration list for PBXProject "Media Journal" */;
			compatibilityVersion = "Xcode 14.0";
			developmentRegion = en;
			hasScannedForEncodings = 0;
			knownRegions = (
				en,
				Base,
			);
			mainGroup = 277D09432AB4DD1600CC94AF;
			packageReferences = (
			);
			productRefGroup = 277D094D2AB4DD1600CC94AF /* Products */;
			projectDirPath = "";
			projectRoot = "";
			targets = (
				277D094B2AB4DD1600CC94AF /* Media Journal */,
			);
		};
/* End PBXProject section */

/* Begin PBXResourcesBuildPhase section */
		277D094A2AB4DD1600CC94AF /* Resources */ = {
			isa = PBXResourcesBuildPhase;
			buildActionMask = 2147483647;
			files = (
				277D09582AB4DD1A00CC94AF /* Preview Assets.xcassets in Resources */,
				277D09542AB4DD1A00CC94AF /* Assets.xcassets in Resources */,
			);
			runOnlyForDeploymentPostprocessing = 0;
		};
/* End PBXResourcesBuildPhase section */

/* Begin PBXSourcesBuildPhase section */
		277D09482AB4DD1600CC94AF /* Sources */ = {
			isa = PBXSourcesBuildPhase;
			buildActionMask = 2147483647;
			files = (
				279A2E2F2ABF731C0085CB15 /* Movie.swift in Sources */,
				279A2E262ABCE1FB0085CB15 /* SearchViewModel.swift in Sources */,
				279A2E1D2ABCA22A0085CB15 /* Network.swift in Sources */,
				279A2E042AB6758A0085CB15 /* MovieView.swift in Sources */,
				27441CC12AB5FF0400FF328A /* SearchView.swift in Sources */,
				279A2E082ABBC9E80085CB15 /* TVShowDetailView.swift in Sources */,
				279A2E282ABCE51F0085CB15 /* NetworkRoutes.swift in Sources */,
				279A2E2A2ABCE9620085CB15 /* NetworkConfigs.swift in Sources */,
				277D09522AB4DD1600CC94AF /* ContentView.swift in Sources */,
				277D09502AB4DD1600CC94AF /* App.swift in Sources */,
				279A2E1B2ABCA1DD0085CB15 /* Search.swift in Sources */,
				279A2E332ABF77760085CB15 /* MovieViewModel.swift in Sources */,
				279A2E0E2ABC88EE0085CB15 /* AccountView.swift in Sources */,
				279A2E2D2ABE395E0085CB15 /* SearchFilterView.swift in Sources */,
				279A2E062ABBAFA10085CB15 /* Extensions.swift in Sources */,
			);
			runOnlyForDeploymentPostprocessing = 0;
		};
/* End PBXSourcesBuildPhase section */

/* Begin XCBuildConfiguration section */
		277D09592AB4DD1A00CC94AF /* Debug */ = {
			isa = XCBuildConfiguration;
			baseConfigurationReference = 277D096C2AB54D1300CC94AF /* Config.xcconfig */;
			buildSettings = {
				ALWAYS_SEARCH_USER_PATHS = NO;
				ASSETCATALOG_COMPILER_GENERATE_SWIFT_ASSET_SYMBOL_EXTENSIONS = YES;
				CLANG_ANALYZER_NONNULL = YES;
				CLANG_ANALYZER_NUMBER_OBJECT_CONVERSION = YES_AGGRESSIVE;
				CLANG_CXX_LANGUAGE_STANDARD = "gnu++20";
				CLANG_ENABLE_MODULES = YES;
				CLANG_ENABLE_OBJC_ARC = YES;
				CLANG_ENABLE_OBJC_WEAK = YES;
				CLANG_WARN_BLOCK_CAPTURE_AUTORELEASING = YES;
				CLANG_WARN_BOOL_CONVERSION = YES;
				CLANG_WARN_COMMA = YES;
				CLANG_WARN_CONSTANT_CONVERSION = YES;
				CLANG_WARN_DEPRECATED_OBJC_IMPLEMENTATIONS = YES;
				CLANG_WARN_DIRECT_OBJC_ISA_USAGE = YES_ERROR;
				CLANG_WARN_DOCUMENTATION_COMMENTS = YES;
				CLANG_WARN_EMPTY_BODY = YES;
				CLANG_WARN_ENUM_CONVERSION = YES;
				CLANG_WARN_INFINITE_RECURSION = YES;
				CLANG_WARN_INT_CONVERSION = YES;
				CLANG_WARN_NON_LITERAL_NULL_CONVERSION = YES;
				CLANG_WARN_OBJC_IMPLICIT_RETAIN_SELF = YES;
				CLANG_WARN_OBJC_LITERAL_CONVERSION = YES;
				CLANG_WARN_OBJC_ROOT_CLASS = YES_ERROR;
				CLANG_WARN_QUOTED_INCLUDE_IN_FRAMEWORK_HEADER = YES;
				CLANG_WARN_RANGE_LOOP_ANALYSIS = YES;
				CLANG_WARN_STRICT_PROTOTYPES = YES;
				CLANG_WARN_SUSPICIOUS_MOVE = YES;
				CLANG_WARN_UNGUARDED_AVAILABILITY = YES_AGGRESSIVE;
				CLANG_WARN_UNREACHABLE_CODE = YES;
				CLANG_WARN__DUPLICATE_METHOD_MATCH = YES;
				COPY_PHASE_STRIP = NO;
				DEBUG_INFORMATION_FORMAT = dwarf;
				ENABLE_STRICT_OBJC_MSGSEND = YES;
				ENABLE_TESTABILITY = YES;
				ENABLE_USER_SCRIPT_SANDBOXING = YES;
				GCC_C_LANGUAGE_STANDARD = gnu17;
				GCC_DYNAMIC_NO_PIC = NO;
				GCC_NO_COMMON_BLOCKS = YES;
				GCC_OPTIMIZATION_LEVEL = 0;
				GCC_PREPROCESSOR_DEFINITIONS = (
					"DEBUG=1",
					"$(inherited)",
				);
				GCC_WARN_64_TO_32_BIT_CONVERSION = YES;
				GCC_WARN_ABOUT_RETURN_TYPE = YES_ERROR;
				GCC_WARN_UNDECLARED_SELECTOR = YES;
				GCC_WARN_UNINITIALIZED_AUTOS = YES_AGGRESSIVE;
				GCC_WARN_UNUSED_FUNCTION = YES;
				GCC_WARN_UNUSED_VARIABLE = YES;
				LOCALIZATION_PREFERS_STRING_CATALOGS = YES;
				MTL_ENABLE_DEBUG_INFO = INCLUDE_SOURCE;
				MTL_FAST_MATH = YES;
				ONLY_ACTIVE_ARCH = YES;
				SWIFT_ACTIVE_COMPILATION_CONDITIONS = "DEBUG $(inherited)";
				SWIFT_OPTIMIZATION_LEVEL = "-Onone";
			};
			name = Debug;
		};
		277D095A2AB4DD1A00CC94AF /* Release */ = {
			isa = XCBuildConfiguration;
			baseConfigurationReference = 277D096C2AB54D1300CC94AF /* Config.xcconfig */;
			buildSettings = {
				ALWAYS_SEARCH_USER_PATHS = NO;
				ASSETCATALOG_COMPILER_GENERATE_SWIFT_ASSET_SYMBOL_EXTENSIONS = YES;
				CLANG_ANALYZER_NONNULL = YES;
				CLANG_ANALYZER_NUMBER_OBJECT_CONVERSION = YES_AGGRESSIVE;
				CLANG_CXX_LANGUAGE_STANDARD = "gnu++20";
				CLANG_ENABLE_MODULES = YES;
				CLANG_ENABLE_OBJC_ARC = YES;
				CLANG_ENABLE_OBJC_WEAK = YES;
				CLANG_WARN_BLOCK_CAPTURE_AUTORELEASING = YES;
				CLANG_WARN_BOOL_CONVERSION = YES;
				CLANG_WARN_COMMA = YES;
				CLANG_WARN_CONSTANT_CONVERSION = YES;
				CLANG_WARN_DEPRECATED_OBJC_IMPLEMENTATIONS = YES;
				CLANG_WARN_DIRECT_OBJC_ISA_USAGE = YES_ERROR;
				CLANG_WARN_DOCUMENTATION_COMMENTS = YES;
				CLANG_WARN_EMPTY_BODY = YES;
				CLANG_WARN_ENUM_CONVERSION = YES;
				CLANG_WARN_INFINITE_RECURSION = YES;
				CLANG_WARN_INT_CONVERSION = YES;
				CLANG_WARN_NON_LITERAL_NULL_CONVERSION = YES;
				CLANG_WARN_OBJC_IMPLICIT_RETAIN_SELF = YES;
				CLANG_WARN_OBJC_LITERAL_CONVERSION = YES;
				CLANG_WARN_OBJC_ROOT_CLASS = YES_ERROR;
				CLANG_WARN_QUOTED_INCLUDE_IN_FRAMEWORK_HEADER = YES;
				CLANG_WARN_RANGE_LOOP_ANALYSIS = YES;
				CLANG_WARN_STRICT_PROTOTYPES = YES;
				CLANG_WARN_SUSPICIOUS_MOVE = YES;
				CLANG_WARN_UNGUARDED_AVAILABILITY = YES_AGGRESSIVE;
				CLANG_WARN_UNREACHABLE_CODE = YES;
				CLANG_WARN__DUPLICATE_METHOD_MATCH = YES;
				COPY_PHASE_STRIP = NO;
				DEBUG_INFORMATION_FORMAT = "dwarf-with-dsym";
				ENABLE_NS_ASSERTIONS = NO;
				ENABLE_STRICT_OBJC_MSGSEND = YES;
				ENABLE_USER_SCRIPT_SANDBOXING = YES;
				GCC_C_LANGUAGE_STANDARD = gnu17;
				GCC_NO_COMMON_BLOCKS = YES;
				GCC_WARN_64_TO_32_BIT_CONVERSION = YES;
				GCC_WARN_ABOUT_RETURN_TYPE = YES_ERROR;
				GCC_WARN_UNDECLARED_SELECTOR = YES;
				GCC_WARN_UNINITIALIZED_AUTOS = YES_AGGRESSIVE;
				GCC_WARN_UNUSED_FUNCTION = YES;
				GCC_WARN_UNUSED_VARIABLE = YES;
				LOCALIZATION_PREFERS_STRING_CATALOGS = YES;
				MTL_ENABLE_DEBUG_INFO = NO;
				MTL_FAST_MATH = YES;
				SWIFT_COMPILATION_MODE = wholemodule;
			};
			name = Release;
		};
		277D095C2AB4DD1A00CC94AF /* Debug */ = {
			isa = XCBuildConfiguration;
			buildSettings = {
				ASSETCATALOG_COMPILER_APPICON_NAME = AppIcon;
				ASSETCATALOG_COMPILER_GLOBAL_ACCENT_COLOR_NAME = AccentColor;
				CODE_SIGN_ENTITLEMENTS = "Media Journal/Media_Journal.entitlements";
				CODE_SIGN_STYLE = Automatic;
				CURRENT_PROJECT_VERSION = 1;
				DEVELOPMENT_ASSET_PATHS = "\"Media Journal/Preview Content\"";
				DEVELOPMENT_TEAM = L9L8W9MRSP;
				ENABLE_HARDENED_RUNTIME = YES;
				ENABLE_PREVIEWS = YES;
				GENERATE_INFOPLIST_FILE = YES;
				INFOPLIST_FILE = "Media-Journal-Info.plist";
				"INFOPLIST_KEY_UIApplicationSceneManifest_Generation[sdk=iphoneos*]" = YES;
				"INFOPLIST_KEY_UIApplicationSceneManifest_Generation[sdk=iphonesimulator*]" = YES;
				"INFOPLIST_KEY_UIApplicationSupportsIndirectInputEvents[sdk=iphoneos*]" = YES;
				"INFOPLIST_KEY_UIApplicationSupportsIndirectInputEvents[sdk=iphonesimulator*]" = YES;
				"INFOPLIST_KEY_UILaunchScreen_Generation[sdk=iphoneos*]" = YES;
				"INFOPLIST_KEY_UILaunchScreen_Generation[sdk=iphonesimulator*]" = YES;
				"INFOPLIST_KEY_UIStatusBarStyle[sdk=iphoneos*]" = UIStatusBarStyleDefault;
				"INFOPLIST_KEY_UIStatusBarStyle[sdk=iphonesimulator*]" = UIStatusBarStyleDefault;
				INFOPLIST_KEY_UISupportedInterfaceOrientations = UIInterfaceOrientationPortrait;
				INFOPLIST_KEY_UISupportedInterfaceOrientations_iPad = "UIInterfaceOrientationLandscapeLeft UIInterfaceOrientationLandscapeRight UIInterfaceOrientationPortrait UIInterfaceOrientationPortraitUpsideDown";
				IPHONEOS_DEPLOYMENT_TARGET = 17.0;
				LD_RUNPATH_SEARCH_PATHS = "@executable_path/Frameworks";
				"LD_RUNPATH_SEARCH_PATHS[sdk=macosx*]" = "@executable_path/../Frameworks";
				MACOSX_DEPLOYMENT_TARGET = 14.0;
				MARKETING_VERSION = 1.0;
				PRODUCT_BUNDLE_IDENTIFIER = "com.alexulanch.Media-Journal";
				PRODUCT_NAME = "$(TARGET_NAME)";
				SDKROOT = auto;
				SUPPORTED_PLATFORMS = "iphoneos iphonesimulator macosx";
				SWIFT_EMIT_LOC_STRINGS = YES;
				SWIFT_VERSION = 5.0;
				TARGETED_DEVICE_FAMILY = "1,2";
			};
			name = Debug;
		};
		277D095D2AB4DD1A00CC94AF /* Release */ = {
			isa = XCBuildConfiguration;
			buildSettings = {
				ASSETCATALOG_COMPILER_APPICON_NAME = AppIcon;
				ASSETCATALOG_COMPILER_GLOBAL_ACCENT_COLOR_NAME = AccentColor;
				CODE_SIGN_ENTITLEMENTS = "Media Journal/Media_Journal.entitlements";
				CODE_SIGN_STYLE = Automatic;
				CURRENT_PROJECT_VERSION = 1;
				DEVELOPMENT_ASSET_PATHS = "\"Media Journal/Preview Content\"";
				DEVELOPMENT_TEAM = L9L8W9MRSP;
				ENABLE_HARDENED_RUNTIME = YES;
				ENABLE_PREVIEWS = YES;
				GENERATE_INFOPLIST_FILE = YES;
				INFOPLIST_FILE = "Media-Journal-Info.plist";
				"INFOPLIST_KEY_UIApplicationSceneManifest_Generation[sdk=iphoneos*]" = YES;
				"INFOPLIST_KEY_UIApplicationSceneManifest_Generation[sdk=iphonesimulator*]" = YES;
				"INFOPLIST_KEY_UIApplicationSupportsIndirectInputEvents[sdk=iphoneos*]" = YES;
				"INFOPLIST_KEY_UIApplicationSupportsIndirectInputEvents[sdk=iphonesimulator*]" = YES;
				"INFOPLIST_KEY_UILaunchScreen_Generation[sdk=iphoneos*]" = YES;
				"INFOPLIST_KEY_UILaunchScreen_Generation[sdk=iphonesimulator*]" = YES;
				"INFOPLIST_KEY_UIStatusBarStyle[sdk=iphoneos*]" = UIStatusBarStyleDefault;
				"INFOPLIST_KEY_UIStatusBarStyle[sdk=iphonesimulator*]" = UIStatusBarStyleDefault;
				INFOPLIST_KEY_UISupportedInterfaceOrientations = UIInterfaceOrientationPortrait;
				INFOPLIST_KEY_UISupportedInterfaceOrientations_iPad = "UIInterfaceOrientationLandscapeLeft UIInterfaceOrientationLandscapeRight UIInterfaceOrientationPortrait UIInterfaceOrientationPortraitUpsideDown";
				IPHONEOS_DEPLOYMENT_TARGET = 17.0;
				LD_RUNPATH_SEARCH_PATHS = "@executable_path/Frameworks";
				"LD_RUNPATH_SEARCH_PATHS[sdk=macosx*]" = "@executable_path/../Frameworks";
				MACOSX_DEPLOYMENT_TARGET = 14.0;
				MARKETING_VERSION = 1.0;
				PRODUCT_BUNDLE_IDENTIFIER = "com.alexulanch.Media-Journal";
				PRODUCT_NAME = "$(TARGET_NAME)";
				SDKROOT = auto;
				SUPPORTED_PLATFORMS = "iphoneos iphonesimulator macosx";
				SWIFT_EMIT_LOC_STRINGS = YES;
				SWIFT_VERSION = 5.0;
				TARGETED_DEVICE_FAMILY = "1,2";
			};
			name = Release;
		};
/* End XCBuildConfiguration section */

/* Begin XCConfigurationList section */
		277D09472AB4DD1600CC94AF /* Build configuration list for PBXProject "Media Journal" */ = {
			isa = XCConfigurationList;
			buildConfigurations = (
				277D09592AB4DD1A00CC94AF /* Debug */,
				277D095A2AB4DD1A00CC94AF /* Release */,
			);
			defaultConfigurationIsVisible = 0;
			defaultConfigurationName = Release;
		};
		277D095B2AB4DD1A00CC94AF /* Build configuration list for PBXNativeTarget "Media Journal" */ = {
			isa = XCConfigurationList;
			buildConfigurations = (
				277D095C2AB4DD1A00CC94AF /* Debug */,
				277D095D2AB4DD1A00CC94AF /* Release */,
			);
			defaultConfigurationIsVisible = 0;
			defaultConfigurationName = Release;
		};
/* End XCConfigurationList section */
	};
	rootObject = 277D09442AB4DD1600CC94AF /* Project object */;
}
